
Microsoft Visual Studio Solution File, Format Version 12.00
# Visual Studio Version 17
VisualStudioVersion = 17.5.2.0
MinimumVisualStudioVersion = 10.0.40219.1
Project("{FAE04EC0-301F-11D3-BF4B-00C04F79EFBC}") = "fiap-hackaton", "fiap-hackaton.csproj", "{30CD9E24-E821-D346-659A-8ED6B99DA2B0}"
EndProject
Project("{FAE04EC0-301F-11D3-BF4B-00C04F79EFBC}") = "fiap-hackaton.Tests", "fiap-hackaton.Tests\fiap-hackaton.Tests.csproj", "{3EB06E86-4014-4AAE-9684-C0DF0D0C822F}"
EndProject
Project("{FAE04EC0-301F-11D3-BF4B-00C04F79EFBC}") = "analysis-worker", "..\workers\analysis-worker\analysis-worker.csproj", "{DF14612E-05DD-42C3-B8D3-A775C4BF14A3}"
EndProject
Project("{FAE04EC0-301F-11D3-BF4B-00C04F79EFBC}") = "report-service", "..\workers\report-service\report-service.csproj", "{DF79BA65-2942-453F-9A3C-895D68840D5F}"
EndProject
Global
	GlobalSection(SolutionConfigurationPlatforms) = preSolution
		Debug|Any CPU = Debug|Any CPU
		Debug|x64 = Debug|x64
		Debug|x86 = Debug|x86
		Release|Any CPU = Release|Any CPU
		Release|x64 = Release|x64
		Release|x86 = Release|x86
	EndGlobalSection
	GlobalSection(ProjectConfigurationPlatforms) = postSolution
		{30CD9E24-E821-D346-659A-8ED6B99DA2B0}.Debug|Any CPU.ActiveCfg = Debug|Any CPU
		{30CD9E24-E821-D346-659A-8ED6B99DA2B0}.Debug|Any CPU.Build.0 = Debug|Any CPU
		{30CD9E24-E821-D346-659A-8ED6B99DA2B0}.Debug|x64.ActiveCfg = Debug|Any CPU
		{30CD9E24-E821-D346-659A-8ED6B99DA2B0}.Debug|x64.Build.0 = Debug|Any CPU
		{30CD9E24-E821-D346-659A-8ED6B99DA2B0}.Debug|x86.ActiveCfg = Debug|Any CPU
		{30CD9E24-E821-D346-659A-8ED6B99DA2B0}.Debug|x86.Build.0 = Debug|Any CPU
		{30CD9E24-E821-D346-659A-8ED6B99DA2B0}.Release|Any CPU.ActiveCfg = Release|Any CPU
		{30CD9E24-E821-D346-659A-8ED6B99DA2B0}.Release|Any CPU.Build.0 = Release|Any CPU
		{30CD9E24-E821-D346-659A-8ED6B99DA2B0}.Release|x64.ActiveCfg = Release|Any CPU
		{30CD9E24-E821-D346-659A-8ED6B99DA2B0}.Release|x64.Build.0 = Release|Any CPU
		{30CD9E24-E821-D346-659A-8ED6B99DA2B0}.Release|x86.ActiveCfg = Release|Any CPU
		{30CD9E24-E821-D346-659A-8ED6B99DA2B0}.Release|x86.Build.0 = Release|Any CPU
		{3EB06E86-4014-4AAE-9684-C0DF0D0C822F}.Debug|Any CPU.ActiveCfg = Debug|Any CPU
		{3EB06E86-4014-4AAE-9684-C0DF0D0C822F}.Debug|Any CPU.Build.0 = Debug|Any CPU
		{3EB06E86-4014-4AAE-9684-C0DF0D0C822F}.Debug|x64.ActiveCfg = Debug|Any CPU
		{3EB06E86-4014-4AAE-9684-C0DF0D0C822F}.Debug|x64.Build.0 = Debug|Any CPU
		{3EB06E86-4014-4AAE-9684-C0DF0D0C822F}.Debug|x86.ActiveCfg = Debug|Any CPU
		{3EB06E86-4014-4AAE-9684-C0DF0D0C822F}.Debug|x86.Build.0 = Debug|Any CPU
		{3EB06E86-4014-4AAE-9684-C0DF0D0C822F}.Release|Any CPU.ActiveCfg = Release|Any CPU
		{3EB06E86-4014-4AAE-9684-C0DF0D0C822F}.Release|Any CPU.Build.0 = Release|Any CPU
		{3EB06E86-4014-4AAE-9684-C0DF0D0C822F}.Release|x64.ActiveCfg = Release|Any CPU
		{3EB06E86-4014-4AAE-9684-C0DF0D0C822F}.Release|x64.Build.0 = Release|Any CPU
		{3EB06E86-4014-4AAE-9684-C0DF0D0C822F}.Release|x86.ActiveCfg = Release|Any CPU
		{3EB06E86-4014-4AAE-9684-C0DF0D0C822F}.Release|x86.Build.0 = Release|Any CPU
		{DF14612E-05DD-42C3-B8D3-A775C4BF14A3}.Debug|Any CPU.ActiveCfg = Debug|Any CPU
		{DF14612E-05DD-42C3-B8D3-A775C4BF14A3}.Debug|Any CPU.Build.0 = Debug|Any CPU
		{DF14612E-05DD-42C3-B8D3-A775C4BF14A3}.Debug|x64.ActiveCfg = Debug|Any CPU
		{DF14612E-05DD-42C3-B8D3-A775C4BF14A3}.Debug|x64.Build.0 = Debug|Any CPU
		{DF14612E-05DD-42C3-B8D3-A775C4BF14A3}.Debug|x86.ActiveCfg = Debug|Any CPU
		{DF14612E-05DD-42C3-B8D3-A775C4BF14A3}.Debug|x86.Build.0 = Debug|Any CPU
		{DF14612E-05DD-42C3-B8D3-A775C4BF14A3}.Release|Any CPU.ActiveCfg = Release|Any CPU
		{DF14612E-05DD-42C3-B8D3-A775C4BF14A3}.Release|Any CPU.Build.0 = Release|Any CPU
		{DF14612E-05DD-42C3-B8D3-A775C4BF14A3}.Release|x64.ActiveCfg = Release|Any CPU
		{DF14612E-05DD-42C3-B8D3-A775C4BF14A3}.Release|x64.Build.0 = Release|Any CPU
		{DF14612E-05DD-42C3-B8D3-A775C4BF14A3}.Release|x86.ActiveCfg = Release|Any CPU
		{DF14612E-05DD-42C3-B8D3-A775C4BF14A3}.Release|x86.Build.0 = Release|Any CPU
		{DF79BA65-2942-453F-9A3C-895D68840D5F}.Debug|Any CPU.ActiveCfg = Debug|Any CPU
		{DF79BA65-2942-453F-9A3C-895D68840D5F}.Debug|Any CPU.Build.0 = Debug|Any CPU
		{DF79BA65-2942-453F-9A3C-895D68840D5F}.Debug|x64.ActiveCfg = Debug|Any CPU
		{DF79BA65-2942-453F-9A3C-895D68840D5F}.Debug|x64.Build.0 = Debug|Any CPU
		{DF79BA65-2942-453F-9A3C-895D68840D5F}.Debug|x86.ActiveCfg = Debug|Any CPU
		{DF79BA65-2942-453F-9A3C-895D68840D5F}.Debug|x86.Build.0 = Debug|Any CPU
		{DF79BA65-2942-453F-9A3C-895D68840D5F}.Release|Any CPU.ActiveCfg = Release|Any CPU
		{DF79BA65-2942-453F-9A3C-895D68840D5F}.Release|Any CPU.Build.0 = Release|Any CPU
		{DF79BA65-2942-453F-9A3C-895D68840D5F}.Release|x64.ActiveCfg = Release|Any CPU
		{DF79BA65-2942-453F-9A3C-895D68840D5F}.Release|x64.Build.0 = Release|Any CPU
		{DF79BA65-2942-453F-9A3C-895D68840D5F}.Release|x86.ActiveCfg = Release|Any CPU
		{DF79BA65-2942-453F-9A3C-895D68840D5F}.Release|x86.Build.0 = Release|Any CPU
	EndGlobalSection
	GlobalSection(SolutionProperties) = preSolution
		HideSolutionNode = FALSE
	EndGlobalSection
	GlobalSection(ExtensibilityGlobals) = postSolution
		SolutionGuid = {803CF867-EED7-4122-ADB2-B292A82C9745}
	EndGlobalSection
EndGlobal
